
Microsoft Visual Studio Solution File, Format Version 12.00
# Visual Studio Version 16
VisualStudioVersion = 16.0.29324.140
MinimumVisualStudioVersion = 10.0.40219.1
Project("{FAE04EC0-301F-11D3-BF4B-00C04F79EFBC}") = "WebApi", "WebApi\WebApi.csproj", "{AFE69DD0-405F-490A-BD71-FC373F13E8AB}"
EndProject
Global
	GlobalSection(SolutionConfigurationPlatforms) = preSolution
		Debug|Any CPU = Debug|Any CPU
		Release|Any CPU = Release|Any CPU
	EndGlobalSection
	GlobalSection(ProjectConfigurationPlatforms) = postSolution
		{AFE69DD0-405F-490A-BD71-FC373F13E8AB}.Debug|Any CPU.ActiveCfg = Debug|Any CPU
		{AFE69DD0-405F-490A-BD71-FC373F13E8AB}.Debug|Any CPU.Build.0 = Debug|Any CPU
		{AFE69DD0-405F-490A-BD71-FC373F13E8AB}.Release|Any CPU.ActiveCfg = Release|Any CPU
		{AFE69DD0-405F-490A-BD71-FC373F13E8AB}.Release|Any CPU.Build.0 = Release|Any CPU
	EndGlobalSection
	GlobalSection(SolutionProperties) = preSolution
		HideSolutionNode = FALSE
	EndGlobalSection
	GlobalSection(ExtensibilityGlobals) = postSolution
		SolutionGuid = {3EB6C87E-4B7E-42BE-BB80-A601C3B2FCA1}
	EndGlobalSection
EndGlobal
